
Microsoft Visual Studio Solution File, Format Version 12.00
# Visual Studio Version 17
VisualStudioVersion = 17.8.34330.188
MinimumVisualStudioVersion = 10.0.40219.1
Project("{8BC9CEB8-8B4A-11D0-8D11-00A0C91BC942}") = "Course3_lesson27", "Course3_lesson27\Course3_lesson27.vcxproj", "{A2B300C9-A743-47A5-A0EA-33AE562D4BCF}"
EndProject
Global
	GlobalSection(SolutionConfigurationPlatforms) = preSolution
		Debug|x64 = Debug|x64
		Debug|x86 = Debug|x86
		Release|x64 = Release|x64
		Release|x86 = Release|x86
	EndGlobalSection
	GlobalSection(ProjectConfigurationPlatforms) = postSolution
		{A2B300C9-A743-47A5-A0EA-33AE562D4BCF}.Debug|x64.ActiveCfg = Debug|x64
		{A2B300C9-A743-47A5-A0EA-33AE562D4BCF}.Debug|x64.Build.0 = Debug|x64
		{A2B300C9-A743-47A5-A0EA-33AE562D4BCF}.Debug|x86.ActiveCfg = Debug|Win32
		{A2B300C9-A743-47A5-A0EA-33AE562D4BCF}.Debug|x86.Build.0 = Debug|Win32
		{A2B300C9-A743-47A5-A0EA-33AE562D4BCF}.Release|x64.ActiveCfg = Release|x64
		{A2B300C9-A743-47A5-A0EA-33AE562D4BCF}.Release|x64.Build.0 = Release|x64
		{A2B300C9-A743-47A5-A0EA-33AE562D4BCF}.Release|x86.ActiveCfg = Release|Win32
		{A2B300C9-A743-47A5-A0EA-33AE562D4BCF}.Release|x86.Build.0 = Release|Win32
	EndGlobalSection
	GlobalSection(SolutionProperties) = preSolution
		HideSolutionNode = FALSE
	EndGlobalSection
	GlobalSection(ExtensibilityGlobals) = postSolution
		SolutionGuid = {03236955-F7B8-4953-A5AE-A5CB9EAA34BB}
	EndGlobalSection
EndGlobal
